// !$*UTF8*$!
{
	archiveVersion = 1;
	classes = {
	};
	objectVersion = 46;
	objects = {

/* Begin PBXBuildFile section */
		3989D8D71A94562D00498190 /* IMG_0061.PNG in Resources */ = {isa = PBXBuildFile; fileRef = 3989D8D61A94562D00498190 /* IMG_0061.PNG */; };
		399FAA9A1A944D85006595E7 /* main.m in Sources */ = {isa = PBXBuildFile; fileRef = 399FAA991A944D85006595E7 /* main.m */; };
		399FAA9D1A944D85006595E7 /* AppDelegate.m in Sources */ = {isa = PBXBuildFile; fileRef = 399FAA9C1A944D85006595E7 /* AppDelegate.m */; };
		399FAAA01A944D85006595E7 /* SSViewController.m in Sources */ = {isa = PBXBuildFile; fileRef = 399FAA9F1A944D85006595E7 /* SSViewController.m */; };
		399FAAA31A944D85006595E7 /* Main.storyboard in Resources */ = {isa = PBXBuildFile; fileRef = 399FAAA11A944D85006595E7 /* Main.storyboard */; };
		399FAAA51A944D85006595E7 /* Images.xcassets in Resources */ = {isa = PBXBuildFile; fileRef = 399FAAA41A944D85006595E7 /* Images.xcassets */; };
		399FAAA81A944D85006595E7 /* LaunchScreen.xib in Resources */ = {isa = PBXBuildFile; fileRef = 399FAAA61A944D85006595E7 /* LaunchScreen.xib */; };
		399FAAB41A944D85006595E7 /* testProgressBarTests.m in Sources */ = {isa = PBXBuildFile; fileRef = 399FAAB31A944D85006595E7 /* testProgressBarTests.m */; };
		399FAABF1A944DA1006595E7 /* SSProgressView.m in Sources */ = {isa = PBXBuildFile; fileRef = 399FAABE1A944DA1006595E7 /* SSProgressView.m */; };
/* End PBXBuildFile section */

/* Begin PBXContainerItemProxy section */
		399FAAAE1A944D85006595E7 /* PBXContainerItemProxy */ = {
			isa = PBXContainerItemProxy;
			containerPortal = 399FAA8C1A944D84006595E7 /* Project object */;
			proxyType = 1;
			remoteGlobalIDString = 399FAA931A944D84006595E7;
			remoteInfo = testProgressBar;
		};
/* End PBXContainerItemProxy section */

/* Begin PBXFileReference section */
		3989D8D61A94562D00498190 /* IMG_0061.PNG */ = {isa = PBXFileReference; lastKnownFileType = image.png; path = IMG_0061.PNG; sourceTree = "<group>"; };
		399FAA941A944D84006595E7 /* testProgressBar.app */ = {isa = PBXFileReference; explicitFileType = wrapper.application; includeInIndex = 0; path = testProgressBar.app; sourceTree = BUILT_PRODUCTS_DIR; };
		399FAA981A944D85006595E7 /* Info.plist */ = {isa = PBXFileReference; lastKnownFileType = text.plist.xml; path = Info.plist; sourceTree = "<group>"; };
		399FAA991A944D85006595E7 /* main.m */ = {isa = PBXFileReference; lastKnownFileType = sourcecode.c.objc; path = main.m; sourceTree = "<group>"; };
		399FAA9B1A944D85006595E7 /* AppDelegate.h */ = {isa = PBXFileReference; lastKnownFileType = sourcecode.c.h; path = AppDelegate.h; sourceTree = "<group>"; };
		399FAA9C1A944D85006595E7 /* AppDelegate.m */ = {isa = PBXFileReference; lastKnownFileType = sourcecode.c.objc; path = AppDelegate.m; sourceTree = "<group>"; };
		399FAA9E1A944D85006595E7 /* SSViewController.h */ = {isa = PBXFileReference; lastKnownFileType = sourcecode.c.h; path = SSViewController.h; sourceTree = "<group>"; };
		399FAA9F1A944D85006595E7 /* SSViewController.m */ = {isa = PBXFileReference; lastKnownFileType = sourcecode.c.objc; path = SSViewController.m; sourceTree = "<group>"; };
		399FAAA21A944D85006595E7 /* Base */ = {isa = PBXFileReference; lastKnownFileType = file.storyboard; name = Base; path = Base.lproj/Main.storyboard; sourceTree = "<group>"; };
		399FAAA41A944D85006595E7 /* Images.xcassets */ = {isa = PBXFileReference; lastKnownFileType = folder.assetcatalog; path = Images.xcassets; sourceTree = "<group>"; };
		399FAAA71A944D85006595E7 /* Base */ = {isa = PBXFileReference; lastKnownFileType = file.xib; name = Base; path = Base.lproj/LaunchScreen.xib; sourceTree = "<group>"; };
		399FAAAD1A944D85006595E7 /* testProgressBarTests.xctest */ = {isa = PBXFileReference; explicitFileType = wrapper.cfbundle; includeInIndex = 0; path = testProgressBarTests.xctest; sourceTree = BUILT_PRODUCTS_DIR; };
		399FAAB21A944D85006595E7 /* Info.plist */ = {isa = PBXFileReference; lastKnownFileType = text.plist.xml; path = Info.plist; sourceTree = "<group>"; };
		399FAAB31A944D85006595E7 /* testProgressBarTests.m */ = {isa = PBXFileReference; lastKnownFileType = sourcecode.c.objc; path = testProgressBarTests.m; sourceTree = "<group>"; };
		399FAABD1A944DA1006595E7 /* SSProgressView.h */ = {isa = PBXFileReference; fileEncoding = 4; lastKnownFileType = sourcecode.c.h; path = SSProgressView.h; sourceTree = "<group>"; };
		399FAABE1A944DA1006595E7 /* SSProgressView.m */ = {isa = PBXFileReference; fileEncoding = 4; lastKnownFileType = sourcecode.c.objc; path = SSProgressView.m; sourceTree = "<group>"; };
/* End PBXFileReference section */

/* Begin PBXFrameworksBuildPhase section */
		399FAA911A944D84006595E7 /* Frameworks */ = {
			isa = PBXFrameworksBuildPhase;
			buildActionMask = 2147483647;
			files = (
			);
			runOnlyForDeploymentPostprocessing = 0;
		};
		399FAAAA1A944D85006595E7 /* Frameworks */ = {
			isa = PBXFrameworksBuildPhase;
			buildActionMask = 2147483647;
			files = (
			);
			runOnlyForDeploymentPostprocessing = 0;
		};
/* End PBXFrameworksBuildPhase section */

/* Begin PBXGroup section */
		399FAA8B1A944D84006595E7 = {
			isa = PBXGroup;
			children = (
				399FAA961A944D84006595E7 /* testProgressBar */,
				399FAAB01A944D85006595E7 /* testProgressBarTests */,
				399FAA951A944D84006595E7 /* Products */,
			);
			sourceTree = "<group>";
		};
		399FAA951A944D84006595E7 /* Products */ = {
			isa = PBXGroup;
			children = (
				399FAA941A944D84006595E7 /* testProgressBar.app */,
				399FAAAD1A944D85006595E7 /* testProgressBarTests.xctest */,
			);
			name = Products;
			sourceTree = "<group>";
		};
		399FAA961A944D84006595E7 /* testProgressBar */ = {
			isa = PBXGroup;
			children = (
				399FAA9B1A944D85006595E7 /* AppDelegate.h */,
				399FAA9C1A944D85006595E7 /* AppDelegate.m */,
				399FAA9E1A944D85006595E7 /* SSViewController.h */,
				399FAA9F1A944D85006595E7 /* SSViewController.m */,
				399FAABD1A944DA1006595E7 /* SSProgressView.h */,
				399FAABE1A944DA1006595E7 /* SSProgressView.m */,
				399FAAA11A944D85006595E7 /* Main.storyboard */,
				399FAAA41A944D85006595E7 /* Images.xcassets */,
				399FAAA61A944D85006595E7 /* LaunchScreen.xib */,
				399FAA971A944D85006595E7 /* Supporting Files */,
			);
			path = testProgressBar;
			sourceTree = "<group>";
		};
		399FAA971A944D85006595E7 /* Supporting Files */ = {
			isa = PBXGroup;
			children = (
				3989D8D61A94562D00498190 /* IMG_0061.PNG */,
				399FAA981A944D85006595E7 /* Info.plist */,
				399FAA991A944D85006595E7 /* main.m */,
			);
			name = "Supporting Files";
			sourceTree = "<group>";
		};
		399FAAB01A944D85006595E7 /* testProgressBarTests */ = {
			isa = PBXGroup;
			children = (
				399FAAB31A944D85006595E7 /* testProgressBarTests.m */,
				399FAAB11A944D85006595E7 /* Supporting Files */,
			);
			path = testProgressBarTests;
			sourceTree = "<group>";
		};
		399FAAB11A944D85006595E7 /* Supporting Files */ = {
			isa = PBXGroup;
			children = (
				399FAAB21A944D85006595E7 /* Info.plist */,
			);
			name = "Supporting Files";
			sourceTree = "<group>";
		};
/* End PBXGroup section */

/* Begin PBXNativeTarget section */
		399FAA931A944D84006595E7 /* testProgressBar */ = {
			isa = PBXNativeTarget;
			buildConfigurationList = 399FAAB71A944D85006595E7 /* Build configuration list for PBXNativeTarget "testProgressBar" */;
			buildPhases = (
				399FAA901A944D84006595E7 /* Sources */,
				399FAA911A944D84006595E7 /* Frameworks */,
				399FAA921A944D84006595E7 /* Resources */,
			);
			buildRules = (
			);
			dependencies = (
			);
			name = testProgressBar;
			productName = testProgressBar;
			productReference = 399FAA941A944D84006595E7 /* testProgressBar.app */;
			productType = "com.apple.product-type.application";
		};
		399FAAAC1A944D85006595E7 /* testProgressBarTests */ = {
			isa = PBXNativeTarget;
			buildConfigurationList = 399FAABA1A944D85006595E7 /* Build configuration list for PBXNativeTarget "testProgressBarTests" */;
			buildPhases = (
				399FAAA91A944D85006595E7 /* Sources */,
				399FAAAA1A944D85006595E7 /* Frameworks */,
				399FAAAB1A944D85006595E7 /* Resources */,
			);
			buildRules = (
			);
			dependencies = (
				399FAAAF1A944D85006595E7 /* PBXTargetDependency */,
			);
			name = testProgressBarTests;
			productName = testProgressBarTests;
			productReference = 399FAAAD1A944D85006595E7 /* testProgressBarTests.xctest */;
			productType = "com.apple.product-type.bundle.unit-test";
		};
/* End PBXNativeTarget section */

/* Begin PBXProject section */
		399FAA8C1A944D84006595E7 /* Project object */ = {
			isa = PBXProject;
			attributes = {
				LastUpgradeCheck = 0610;
				ORGANIZATIONNAME = Designventures;
				TargetAttributes = {
					399FAA931A944D84006595E7 = {
						CreatedOnToolsVersion = 6.1.1;
					};
					399FAAAC1A944D85006595E7 = {
						CreatedOnToolsVersion = 6.1.1;
						TestTargetID = 399FAA931A944D84006595E7;
					};
				};
			};
			buildConfigurationList = 399FAA8F1A944D84006595E7 /* Build configuration list for PBXProject "testProgressBar" */;
			compatibilityVersion = "Xcode 3.2";
			developmentRegion = English;
			hasScannedForEncodings = 0;
			knownRegions = (
				en,
				Base,
			);
			mainGroup = 399FAA8B1A944D84006595E7;
			productRefGroup = 399FAA951A944D84006595E7 /* Products */;
			projectDirPath = "";
			projectRoot = "";
			targets = (
				399FAA931A944D84006595E7 /* testProgressBar */,
				399FAAAC1A944D85006595E7 /* testProgressBarTests */,
			);
		};
/* End PBXProject section */

/* Begin PBXResourcesBuildPhase section */
		399FAA921A944D84006595E7 /* Resources */ = {
			isa = PBXResourcesBuildPhase;
			buildActionMask = 2147483647;
			files = (
				399FAAA31A944D85006595E7 /* Main.storyboard in Resources */,
				399FAAA81A944D85006595E7 /* LaunchScreen.xib in Resources */,
				3989D8D71A94562D00498190 /* IMG_0061.PNG in Resources */,
				399FAAA51A944D85006595E7 /* Images.xcassets in Resources */,
			);
			runOnlyForDeploymentPostprocessing = 0;
		};
		399FAAAB1A944D85006595E7 /* Resources */ = {
			isa = PBXResourcesBuildPhase;
			buildActionMask = 2147483647;
			files = (
			);
			runOnlyForDeploymentPostprocessing = 0;
		};
/* End PBXResourcesBuildPhase section */

/* Begin PBXSourcesBuildPhase section */
		399FAA901A944D84006595E7 /* Sources */ = {
			isa = PBXSourcesBuildPhase;
			buildActionMask = 2147483647;
			files = (
				399FAAA01A944D85006595E7 /* SSViewController.m in Sources */,
				399FAABF1A944DA1006595E7 /* SSProgressView.m in Sources */,
				399FAA9D1A944D85006595E7 /* AppDelegate.m in Sources */,
				399FAA9A1A944D85006595E7 /* main.m in Sources */,
			);
			runOnlyForDeploymentPostprocessing = 0;
		};
		399FAAA91A944D85006595E7 /* Sources */ = {
			isa = PBXSourcesBuildPhase;
			buildActionMask = 2147483647;
			files = (
				399FAAB41A944D85006595E7 /* testProgressBarTests.m in Sources */,
			);
			runOnlyForDeploymentPostprocessing = 0;
		};
/* End PBXSourcesBuildPhase section */

/* Begin PBXTargetDependency section */
		399FAAAF1A944D85006595E7 /* PBXTargetDependency */ = {
			isa = PBXTargetDependency;
			target = 399FAA931A944D84006595E7 /* testProgressBar */;
			targetProxy = 399FAAAE1A944D85006595E7 /* PBXContainerItemProxy */;
		};
/* End PBXTargetDependency section */

/* Begin PBXVariantGroup section */
		399FAAA11A944D85006595E7 /* Main.storyboard */ = {
			isa = PBXVariantGroup;
			children = (
				399FAAA21A944D85006595E7 /* Base */,
			);
			name = Main.storyboard;
			sourceTree = "<group>";
		};
		399FAAA61A944D85006595E7 /* LaunchScreen.xib */ = {
			isa = PBXVariantGroup;
			children = (
				399FAAA71A944D85006595E7 /* Base */,
			);
			name = LaunchScreen.xib;
			sourceTree = "<group>";
		};
/* End PBXVariantGroup section */

/* Begin XCBuildConfiguration section */
		399FAAB51A944D85006595E7 /* Debug */ = {
			isa = XCBuildConfiguration;
			buildSettings = {
				ALWAYS_SEARCH_USER_PATHS = NO;
				CLANG_CXX_LANGUAGE_STANDARD = "gnu++0x";
				CLANG_CXX_LIBRARY = "libc++";
				CLANG_ENABLE_MODULES = YES;
				CLANG_ENABLE_OBJC_ARC = YES;
				CLANG_WARN_BOOL_CONVERSION = YES;
				CLANG_WARN_CONSTANT_CONVERSION = YES;
				CLANG_WARN_DIRECT_OBJC_ISA_USAGE = YES_ERROR;
				CLANG_WARN_EMPTY_BODY = YES;
				CLANG_WARN_ENUM_CONVERSION = YES;
				CLANG_WARN_INT_CONVERSION = YES;
				CLANG_WARN_OBJC_ROOT_CLASS = YES_ERROR;
				CLANG_WARN_UNREACHABLE_CODE = YES;
				CLANG_WARN__DUPLICATE_METHOD_MATCH = YES;
				"CODE_SIGN_IDENTITY[sdk=iphoneos*]" = "iPhone Developer";
				COPY_PHASE_STRIP = NO;
				ENABLE_STRICT_OBJC_MSGSEND = YES;
				GCC_C_LANGUAGE_STANDARD = gnu99;
				GCC_DYNAMIC_NO_PIC = NO;
				GCC_OPTIMIZATION_LEVEL = 0;
				GCC_PREPROCESSOR_DEFINITIONS = (
					"DEBUG=1",
					"$(inherited)",
				);
				GCC_SYMBOLS_PRIVATE_EXTERN = NO;
				GCC_WARN_64_TO_32_BIT_CONVERSION = YES;
				GCC_WARN_ABOUT_RETURN_TYPE = YES_ERROR;
				GCC_WARN_UNDECLARED_SELECTOR = YES;
				GCC_WARN_UNINITIALIZED_AUTOS = YES_AGGRESSIVE;
				GCC_WARN_UNUSED_FUNCTION = YES;
				GCC_WARN_UNUSED_VARIABLE = YES;
				IPHONEOS_DEPLOYMENT_TARGET = 8.1;
				MTL_ENABLE_DEBUG_INFO = YES;
				ONLY_ACTIVE_ARCH = YES;
				SDKROOT = iphoneos;
				TARGETED_DEVICE_FAMILY = "1,2";
			};
			name = Debug;
		};
		399FAAB61A944D85006595E7 /* Release */ = {
			isa = XCBuildConfiguration;
			buildSettings = {
				ALWAYS_SEARCH_USER_PATHS = NO;
				CLANG_CXX_LANGUAGE_STANDARD = "gnu++0x";
				CLANG_CXX_LIBRARY = "libc++";
				CLANG_ENABLE_MODULES = YES;
				CLANG_ENABLE_OBJC_ARC = YES;
				CLANG_WARN_BOOL_CONVERSION = YES;
				CLANG_WARN_CONSTANT_CONVERSION = YES;
				CLANG_WARN_DIRECT_OBJC_ISA_USAGE = YES_ERROR;
				CLANG_WARN_EMPTY_BODY = YES;
				CLANG_WARN_ENUM_CONVERSION = YES;
				CLANG_WARN_INT_CONVERSION = YES;
				CLANG_WARN_OBJC_ROOT_CLASS = YES_ERROR;
				CLANG_WARN_UNREACHABLE_CODE = YES;
				CLANG_WARN__DUPLICATE_METHOD_MATCH = YES;
				"CODE_SIGN_IDENTITY[sdk=iphoneos*]" = "iPhone Developer";
				COPY_PHASE_STRIP = YES;
				ENABLE_NS_ASSERTIONS = NO;
				ENABLE_STRICT_OBJC_MSGSEND = YES;
				GCC_C_LANGUAGE_STANDARD = gnu99;
				GCC_WARN_64_TO_32_BIT_CONVERSION = YES;
				GCC_WARN_ABOUT_RETURN_TYPE = YES_ERROR;
				GCC_WARN_UNDECLARED_SELECTOR = YES;
				GCC_WARN_UNINITIALIZED_AUTOS = YES_AGGRESSIVE;
				GCC_WARN_UNUSED_FUNCTION = YES;
				GCC_WARN_UNUSED_VARIABLE = YES;
				IPHONEOS_DEPLOYMENT_TARGET = 8.1;
				MTL_ENABLE_DEBUG_INFO = NO;
				SDKROOT = iphoneos;
				TARGETED_DEVICE_FAMILY = "1,2";
				VALIDATE_PRODUCT = YES;
			};
			name = Release;
		};
		399FAAB81A944D85006595E7 /* Debug */ = {
			isa = XCBuildConfiguration;
			buildSettings = {
				ASSETCATALOG_COMPILER_APPICON_NAME = AppIcon;
				INFOPLIST_FILE = testProgressBar/Info.plist;
				LD_RUNPATH_SEARCH_PATHS = "$(inherited) @executable_path/Frameworks";
				PRODUCT_NAME = "$(TARGET_NAME)";
			};
			name = Debug;
		};
		399FAAB91A944D85006595E7 /* Release */ = {
			isa = XCBuildConfiguration;
			buildSettings = {
				ASSETCATALOG_COMPILER_APPICON_NAME = AppIcon;
				INFOPLIST_FILE = testProgressBar/Info.plist;
				LD_RUNPATH_SEARCH_PATHS = "$(inherited) @executable_path/Frameworks";
				PRODUCT_NAME = "$(TARGET_NAME)";
			};
			name = Release;
		};
		399FAABB1A944D85006595E7 /* Debug */ = {
			isa = XCBuildConfiguration;
			buildSettings = {
				BUNDLE_LOADER = "$(TEST_HOST)";
				FRAMEWORK_SEARCH_PATHS = (
					"$(SDKROOT)/Developer/Library/Frameworks",
					"$(inherited)",
				);
				GCC_PREPROCESSOR_DEFINITIONS = (
					"DEBUG=1",
					"$(inherited)",
				);
				INFOPLIST_FILE = testProgressBarTests/Info.plist;
				LD_RUNPATH_SEARCH_PATHS = "$(inherited) @executable_path/Frameworks @loader_path/Frameworks";
				PRODUCT_NAME = "$(TARGET_NAME)";
				TEST_HOST = "$(BUILT_PRODUCTS_DIR)/testProgressBar.app/testProgressBar";
			};
			name = Debug;
		};
		399FAABC1A944D85006595E7 /* Release */ = {
			isa = XCBuildConfiguration;
			buildSettings = {
				BUNDLE_LOADER = "$(TEST_HOST)";
				FRAMEWORK_SEARCH_PATHS = (
					"$(SDKROOT)/Developer/Library/Frameworks",
					"$(inherited)",
				);
				INFOPLIST_FILE = testProgressBarTests/Info.plist;
				LD_RUNPATH_SEARCH_PATHS = "$(inherited) @executable_path/Frameworks @loader_path/Frameworks";
				PRODUCT_NAME = "$(TARGET_NAME)";
				TEST_HOST = "$(BUILT_PRODUCTS_DIR)/testProgressBar.app/testProgressBar";
			};
			name = Release;
		};
/* End XCBuildConfiguration section */

/* Begin XCConfigurationList section */
		399FAA8F1A944D84006595E7 /* Build configuration list for PBXProject "testProgressBar" */ = {
			isa = XCConfigurationList;
			buildConfigurations = (
				399FAAB51A944D85006595E7 /* Debug */,
				399FAAB61A944D85006595E7 /* Release */,
			);
			defaultConfigurationIsVisible = 0;
			defaultConfigurationName = Release;
		};
		399FAAB71A944D85006595E7 /* Build configuration list for PBXNativeTarget "testProgressBar" */ = {
			isa = XCConfigurationList;
			buildConfigurations = (
				399FAAB81A944D85006595E7 /* Debug */,
				399FAAB91A944D85006595E7 /* Release */,
			);
			defaultConfigurationIsVisible = 0;
			defaultConfigurationName = Release;
		};
		399FAABA1A944D85006595E7 /* Build configuration list for PBXNativeTarget "testProgressBarTests" */ = {
			isa = XCConfigurationList;
			buildConfigurations = (
				399FAABB1A944D85006595E7 /* Debug */,
				399FAABC1A944D85006595E7 /* Release */,
			);
			defaultConfigurationIsVisible = 0;
			defaultConfigurationName = Release;
		};
/* End XCConfigurationList section */
	};
	rootObject = 399FAA8C1A944D84006595E7 /* Project object */;
}
